<?xml version="1.0" encoding="utf-8"?>
<Project ToolsVersion="4.0" xmlns="http://schemas.microsoft.com/developer/msbuild/2003">
  <ItemGroup>
    <Filter Include="Source Files">
      <UniqueIdentifier>{4FC737F1-C7A5-4376-A066-2A32D752A2FF}</UniqueIdentifier>
      <Extensions>cpp;c;cc;cxx;c++;cppm;ixx;def;odl;idl;hpj;bat;asm;asmx</Extensions>
    </Filter>
    <Filter Include="Header Files">
      <UniqueIdentifier>{93995380-89BD-4b04-88EB-625FBE52EBFB}</UniqueIdentifier>
      <Extensions>h;hh;hpp;hxx;h++;hm;inl;inc;ipp;xsd</Extensions>
    </Filter>
  </ItemGroup>
  <ItemGroup>
    <ClCompile Include="src\AssemblyInfo.cpp">
      <Filter>Source Files</Filter>
    </ClCompile>
    <ClCompile Include="src\LibRawProcessor.cpp">
      <Filter>Source Files</Filter>
    </ClCompile>
    <ClCompile Include="src\LibRawBitmapDecoder.cpp">
      <Filter>Source Files</Filter>
    </ClCompile>
  </ItemGroup>
  <ItemGroup>
    <ClInclude Include="inc\native\ColorData.h">
      <Filter>Header Files</Filter>
    </ClInclude>
    <ClInclude Include="inc\native\DecoderInfo.h">
      <Filter>Header Files</Filter>
    </ClInclude>
    <ClInclude Include="inc\enums\ExifColorSpace.h">
      <Filter>Header Files</Filter>
    </ClInclude>
    <ClInclude Include="inc\enums\ExifLightSource.h">
      <Filter>Header Files</Filter>
    </ClInclude>
    <ClInclude Include="inc\enums\Flip.h">
      <Filter>Header Files</Filter>
    </ClInclude>
    <ClInclude Include="inc\native\ImageParameters.h">
      <Filter>Header Files</Filter>
    </ClInclude>
    <ClInclude Include="inc\native\ImageSizes.h">
      <Filter>Header Files</Filter>
    </ClInclude>
    <ClInclude Include="inc\enums\Interpolation.h">
      <Filter>Header Files</Filter>
    </ClInclude>
    <ClInclude Include="inc\native\LensInfo.h">
      <Filter>Header Files</Filter>
    </ClInclude>
    <ClInclude Include="inc\native\LibRawProcessor.h">
      <Filter>Header Files</Filter>
    </ClInclude>
    <ClInclude Include="inc\LibRawWrapper.h">
      <Filter>Header Files</Filter>
    </ClInclude>
    <ClInclude Include="inc\native\OtherInformation.h">
      <Filter>Header Files</Filter>
    </ClInclude>
    <ClInclude Include="inc\native\OutputParameters.h">
      <Filter>Header Files</Filter>
    </ClInclude>
    <ClInclude Include="inc\native\Pixel4.h">
      <Filter>Header Files</Filter>
    </ClInclude>
    <ClInclude Include="inc\enums\Progress.h">
      <Filter>Header Files</Filter>
    </ClInclude>
    <ClInclude Include="inc\native\RawData.h">
      <Filter>Header Files</Filter>
    </ClInclude>
    <ClInclude Include="inc\native\ShootingInfo.h">
      <Filter>Header Files</Filter>
    </ClInclude>
    <ClInclude Include="inc\native\Thumbnail.h">
      <Filter>Header Files</Filter>
    </ClInclude>
    <ClInclude Include="inc\enums\Warnings.h">
      <Filter>Header Files</Filter>
    </ClInclude>
    <ClInclude Include="inc\native\RawParameters.h">
      <Filter>Header Files</Filter>
    </ClInclude>
    <ClInclude Include="inc\enums\DecoderFlags.h">
      <Filter>Header Files</Filter>
    </ClInclude>
    <ClInclude Include="inc\enums\ThumbnailFormat.h">
      <Filter>Header Files</Filter>
    </ClInclude>
    <ClInclude Include="inc\enums\DngProcessing.h">
      <Filter>Header Files</Filter>
    </ClInclude>
    <ClInclude Include="inc\enums\ProcessingOptions.h">
      <Filter>Header Files</Filter>
    </ClInclude>
    <ClInclude Include="inc\enums\ProcessingSpecials.h">
      <Filter>Header Files</Filter>
    </ClInclude>
    <ClInclude Include="inc\enums\HighlightMode.h">
      <Filter>Header Files</Filter>
    </ClInclude>
    <ClInclude Include="inc\enums\UseCameraMatrix.h">
      <Filter>Header Files</Filter>
    </ClInclude>
    <ClInclude Include="inc\enums\OutputColorspace.h">
      <Filter>Header Files</Filter>
    </ClInclude>
    <ClInclude Include="inc\enums\OutputFormat.h">
      <Filter>Header Files</Filter>
    </ClInclude>
    <ClInclude Include="inc\native\GpsInfo.h">
      <Filter>Header Files</Filter>
    </ClInclude>
    <ClInclude Include="inc\enums\CameraMaker.h">
      <Filter>Header Files</Filter>
    </ClInclude>
    <ClInclude Include="inc\enums\ColorDescription.h">
      <Filter>Header Files</Filter>
    </ClInclude>
    <ClInclude Include="inc\native\PerChannelBlackCorrection.h">
      <Filter>Header Files</Filter>
    </ClInclude>
    <ClInclude Include="inc\native\ChannelStatistic.h">
      <Filter>Header Files</Filter>
    </ClInclude>
    <ClInclude Include="inc\LibRawBitmapDecoder.h">
      <Filter>Header Files</Filter>
    </ClInclude>
    <ClInclude Include="inc\LibRawCodecInfo.h">
      <Filter>Header Files</Filter>
    </ClInclude>
    <ClInclude Include="inc\native\LibRaw_managed_datastream.h">
      <Filter>Header Files</Filter>
    </ClInclude>
    <ClInclude Include="inc\LibRawFrameCollection.h">
      <Filter>Header Files</Filter>
    </ClInclude>
    <ClInclude Include="inc\native\LibRawProgressEventArgs.h">
      <Filter>Header Files</Filter>
    </ClInclude>
    <ClInclude Include="inc\native\ThumbnailItem.h">
      <Filter>Header Files</Filter>
    </ClInclude>
  </ItemGroup>
</Project>